# THIS IS AN AUTOGENERATED FILE. DO NOT EDIT THIS FILE DIRECTLY.
# yarn lockfile v1


prettier@^3.7.4:
  version "3.8.1"
  resolved "https://registry.yarnpkg.com/prettier/-/prettier-3.8.1.tgz#edf48977cf991558f4fcbd8a3ba6015ba2a3a173"
  integrity sha512-UOnG6LftzbdaHZcKoPFtOcCKztrQ57WkHDeRD9t/PTQtmT0NHSeWWepj6pS0z/N7+08BHFDQVUrfmfMRcZwbMg==

turbo-darwin-64@2.8.9:
  version "2.8.9"
  resolved "https://registry.yarnpkg.com/turbo-darwin-64/-/turbo-darwin-64-2.8.9.tgz#c99b425437c8b3b49eb4ddf7ca44674dd6d4e940"
  integrity sha512-KnCw1ZI9KTnEAhdI9avZrnZ/z4wsM++flMA1w8s8PKOqi5daGpFV36qoPafg4S8TmYMe52JPWEoFr0L+lQ5JIw==

turbo-darwin-arm64@2.8.9:
  version "2.8.9"
  resolved "https://registry.yarnpkg.com/turbo-darwin-arm64/-/turbo-darwin-arm64-2.8.9.tgz#01a424a14956186bdd3a29a825f87c303ecbfda1"
  integrity sha512-CbD5Y2NKJKBXTOZ7z7Cc7vGlFPZkYjApA7ri9lH4iFwKV1X7MoZswh9gyRLetXYWImVX1BqIvP8KftulJg/wIA==

turbo-linux-64@2.8.9:
  version "2.8.9"
  resolved "https://registry.yarnpkg.com/turbo-linux-64/-/turbo-linux-64-2.8.9.tgz#f8e7f4bf82a2f94a3d8bcd042642db4990cfd3bd"
  integrity sha512-OXC9HdCtsHvyH+5KUoH8ds+p5WU13vdif0OPbsFzZca4cUXMwKA3HWwUuCgQetk0iAE4cscXpi/t8A263n3VTg==

turbo-linux-arm64@2.8.9:
  version "2.8.9"
  resolved "https://registry.yarnpkg.com/turbo-linux-arm64/-/turbo-linux-arm64-2.8.9.tgz#7e7cd446c518dd4e19aa87f71c3234124449681d"
  integrity sha512-yI5n8jNXiFA6+CxnXG0gO7h5ZF1+19K8uO3/kXPQmyl37AdiA7ehKJQOvf9OPAnmkGDHcF2HSCPltabERNRmug==

turbo-windows-64@2.8.9:
  version "2.8.9"
  resolved "https://registry.yarnpkg.com/turbo-windows-64/-/turbo-windows-64-2.8.9.tgz#71da356ba3a9585ddbf3eb6f85a92239454aa9bd"
  integrity sha512-/OztzeGftJAg258M/9vK2ZCkUKUzqrWXJIikiD2pm8TlqHcIYUmepDbyZSDfOiUjMy6NzrLFahpNLnY7b5vNgg==

turbo-windows-arm64@2.8.9:
  version "2.8.9"
  resolved "https://registry.yarnpkg.com/turbo-windows-arm64/-/turbo-windows-arm64-2.8.9.tgz#b1c223c1f2c900292246074c3c2ebc9c7db57684"
  integrity sha512-xZ2VTwVTjIqpFZKN4UBxDHCPM3oJ2J5cpRzCBSmRpJ/Pn33wpiYjs+9FB2E03svKaD04/lSSLlEUej0UYsugfg==

turbo@^2.8.9:
  version "2.8.9"
  resolved "https://registry.yarnpkg.com/turbo/-/turbo-2.8.9.tgz#15d8468f9f1725381a9bab58ccdb12c5614de5bc"
  integrity sha512-G+Mq8VVQAlpz/0HTsxiNNk/xywaHGl+dk1oiBREgOEVCCDjXInDlONWUn5srRnC9s5tdHTFD1bx1N19eR4hI+g==
  optionalDependencies:
    turbo-darwin-64 "2.8.9"
    turbo-darwin-arm64 "2.8.9"
    turbo-linux-64 "2.8.9"
    turbo-linux-arm64 "2.8.9"
    turbo-windows-64 "2.8.9"
    turbo-windows-arm64 "2.8.9"

typescript@5.9.2:
  version "5.9.2"
  resolved "https://registry.yarnpkg.com/typescript/-/typescript-5.9.2.tgz#d93450cddec5154a2d5cabe3b8102b83316fb2a6"
  integrity sha512-CWBzXQrc/qOkhidw1OzBTQuYRbfyxDXJMVJ1XNwUHGROVmuaeiEm3OslpZ1RV96d7SKKjZKrSJu3+t/xlw3R9A==
